
Microsoft Visual Studio Solution File, Format Version 12.00
# Visual Studio 15
Project("{FAE04EC0-301F-11D3-BF4B-00C04F79EFBC}") = "Assembly-CSharp", "Assembly-CSharp.csproj", "{CF02D887-2319-23B2-D2E2-D9D5A5FE3A61}"
EndProject
Project("{FAE04EC0-301F-11D3-BF4B-00C04F79EFBC}") = "Assembly-CSharp-firstpass", "Assembly-CSharp-firstpass.csproj", "{9AAB2829-6BC0-D26E-C809-338CEB1ACDEB}"
EndProject
Project("{FAE04EC0-301F-11D3-BF4B-00C04F79EFBC}") = "Assembly-CSharp-Editor", "Assembly-CSharp-Editor.csproj", "{67A5840C-8FF9-51AA-08EE-9B79D4BB9C48}"
EndProject
Global
	GlobalSection(SolutionConfigurationPlatforms) = preSolution
		Debug|Any CPU = Debug|Any CPU
		Release|Any CPU = Release|Any CPU
	EndGlobalSection
	GlobalSection(ProjectConfigurationPlatforms) = postSolution
		{CF02D887-2319-23B2-D2E2-D9D5A5FE3A61}.Debug|Any CPU.ActiveCfg = Debug|Any CPU
		{CF02D887-2319-23B2-D2E2-D9D5A5FE3A61}.Debug|Any CPU.Build.0 = Debug|Any CPU
		{CF02D887-2319-23B2-D2E2-D9D5A5FE3A61}.Release|Any CPU.ActiveCfg = Release|Any CPU
		{CF02D887-2319-23B2-D2E2-D9D5A5FE3A61}.Release|Any CPU.Build.0 = Release|Any CPU
		{9AAB2829-6BC0-D26E-C809-338CEB1ACDEB}.Debug|Any CPU.ActiveCfg = Debug|Any CPU
		{9AAB2829-6BC0-D26E-C809-338CEB1ACDEB}.Debug|Any CPU.Build.0 = Debug|Any CPU
		{9AAB2829-6BC0-D26E-C809-338CEB1ACDEB}.Release|Any CPU.ActiveCfg = Release|Any CPU
		{9AAB2829-6BC0-D26E-C809-338CEB1ACDEB}.Release|Any CPU.Build.0 = Release|Any CPU
		{67A5840C-8FF9-51AA-08EE-9B79D4BB9C48}.Debug|Any CPU.ActiveCfg = Debug|Any CPU
		{67A5840C-8FF9-51AA-08EE-9B79D4BB9C48}.Debug|Any CPU.Build.0 = Debug|Any CPU
		{67A5840C-8FF9-51AA-08EE-9B79D4BB9C48}.Release|Any CPU.ActiveCfg = Release|Any CPU
		{67A5840C-8FF9-51AA-08EE-9B79D4BB9C48}.Release|Any CPU.Build.0 = Release|Any CPU
	EndGlobalSection
	GlobalSection(SolutionProperties) = preSolution
		HideSolutionNode = FALSE
	EndGlobalSection
EndGlobal
